
Microsoft Visual Studio Solution File, Format Version 12.00
# Visual Studio Version 17
VisualStudioVersion = 17.5.002.0
MinimumVisualStudioVersion = 10.0.40219.1
Project("{9A19103F-16F7-4668-BE54-9A1E7A4F7556}") = "RekdApi", "RekdApi\RekdApi.csproj", "{1A8365DC-4C21-4F07-87C1-D3B39DBA710B}"
EndProject
Global
	GlobalSection(SolutionConfigurationPlatforms) = preSolution
		Debug|Any CPU = Debug|Any CPU
		Release|Any CPU = Release|Any CPU
	EndGlobalSection
	GlobalSection(ProjectConfigurationPlatforms) = postSolution
		{1A8365DC-4C21-4F07-87C1-D3B39DBA710B}.Debug|Any CPU.ActiveCfg = Debug|Any CPU
		{1A8365DC-4C21-4F07-87C1-D3B39DBA710B}.Debug|Any CPU.Build.0 = Debug|Any CPU
		{1A8365DC-4C21-4F07-87C1-D3B39DBA710B}.Release|Any CPU.ActiveCfg = Release|Any CPU
		{1A8365DC-4C21-4F07-87C1-D3B39DBA710B}.Release|Any CPU.Build.0 = Release|Any CPU
	EndGlobalSection
	GlobalSection(SolutionProperties) = preSolution
		HideSolutionNode = FALSE
	EndGlobalSection
	GlobalSection(ExtensibilityGlobals) = postSolution
		SolutionGuid = {A5AD2EEA-1E47-4C12-A6B4-33B97B90FB8B}
	EndGlobalSection
EndGlobal
